
Microsoft Visual Studio Solution File, Format Version 12.00
# Visual Studio Version 16
VisualStudioVersion = 16.0.31911.196
MinimumVisualStudioVersion = 10.0.40219.1
Project("{FAE04EC0-301F-11D3-BF4B-00C04F79EFBC}") = "FbuExamMVC", "FbuExamMVC\FbuExamMVC.csproj", "{99A16696-5A63-4F7D-BC6D-ED4D9912EAD0}"
EndProject
Project("{FAE04EC0-301F-11D3-BF4B-00C04F79EFBC}") = "ExamDal", "ExamDal\ExamDal.csproj", "{C1F88A1F-6C62-4819-A73E-24D54BDC1065}"
EndProject
Global
	GlobalSection(SolutionConfigurationPlatforms) = preSolution
		Debug|Any CPU = Debug|Any CPU
		Release|Any CPU = Release|Any CPU
	EndGlobalSection
	GlobalSection(ProjectConfigurationPlatforms) = postSolution
		{99A16696-5A63-4F7D-BC6D-ED4D9912EAD0}.Debug|Any CPU.ActiveCfg = Debug|Any CPU
		{99A16696-5A63-4F7D-BC6D-ED4D9912EAD0}.Debug|Any CPU.Build.0 = Debug|Any CPU
		{99A16696-5A63-4F7D-BC6D-ED4D9912EAD0}.Release|Any CPU.ActiveCfg = Release|Any CPU
		{99A16696-5A63-4F7D-BC6D-ED4D9912EAD0}.Release|Any CPU.Build.0 = Release|Any CPU
		{C1F88A1F-6C62-4819-A73E-24D54BDC1065}.Debug|Any CPU.ActiveCfg = Debug|Any CPU
		{C1F88A1F-6C62-4819-A73E-24D54BDC1065}.Debug|Any CPU.Build.0 = Debug|Any CPU
		{C1F88A1F-6C62-4819-A73E-24D54BDC1065}.Release|Any CPU.ActiveCfg = Release|Any CPU
		{C1F88A1F-6C62-4819-A73E-24D54BDC1065}.Release|Any CPU.Build.0 = Release|Any CPU
	EndGlobalSection
	GlobalSection(SolutionProperties) = preSolution
		HideSolutionNode = FALSE
	EndGlobalSection
	GlobalSection(ExtensibilityGlobals) = postSolution
		SolutionGuid = {3DF52998-F763-4F4B-8AF8-F97F777F62AD}
	EndGlobalSection
EndGlobal
